
Microsoft Visual Studio Solution File, Format Version 12.00
# Visual Studio Version 17
VisualStudioVersion = 17.7.34031.279
MinimumVisualStudioVersion = 10.0.40219.1
Project("{FAE04EC0-301F-11D3-BF4B-00C04F79EFBC}") = "Queueue", "Queueue\Queueue.csproj", "{DE44D2A7-11A9-4F68-8892-56B8DDFE2599}"
EndProject
Global
	GlobalSection(SolutionConfigurationPlatforms) = preSolution
		Debug|Any CPU = Debug|Any CPU
		Release|Any CPU = Release|Any CPU
	EndGlobalSection
	GlobalSection(ProjectConfigurationPlatforms) = postSolution
		{DE44D2A7-11A9-4F68-8892-56B8DDFE2599}.Debug|Any CPU.ActiveCfg = Debug|Any CPU
		{DE44D2A7-11A9-4F68-8892-56B8DDFE2599}.Debug|Any CPU.Build.0 = Debug|Any CPU
		{DE44D2A7-11A9-4F68-8892-56B8DDFE2599}.Release|Any CPU.ActiveCfg = Release|Any CPU
		{DE44D2A7-11A9-4F68-8892-56B8DDFE2599}.Release|Any CPU.Build.0 = Release|Any CPU
	EndGlobalSection
	GlobalSection(SolutionProperties) = preSolution
		HideSolutionNode = FALSE
	EndGlobalSection
	GlobalSection(ExtensibilityGlobals) = postSolution
		SolutionGuid = {99D95F1F-9C3C-4E94-ADD5-BB08FBA8EB40}
	EndGlobalSection
EndGlobal
